
Microsoft Visual Studio Solution File, Format Version 12.00
# Visual Studio Version 17
VisualStudioVersion = 17.5.33627.172
MinimumVisualStudioVersion = 10.0.40219.1
Project("{FAE04EC0-301F-11D3-BF4B-00C04F79EFBC}") = "Checkra1n", "Checkra1n\Checkra1n.csproj", "{E12E1A22-0688-48A7-B511-9B069B3C1A04}"
EndProject
Global
	GlobalSection(SolutionConfigurationPlatforms) = preSolution
		Debug|Any CPU = Debug|Any CPU
		Release|Any CPU = Release|Any CPU
	EndGlobalSection
	GlobalSection(ProjectConfigurationPlatforms) = postSolution
		{E12E1A22-0688-48A7-B511-9B069B3C1A04}.Debug|Any CPU.ActiveCfg = Debug|Any CPU
		{E12E1A22-0688-48A7-B511-9B069B3C1A04}.Debug|Any CPU.Build.0 = Debug|Any CPU
		{E12E1A22-0688-48A7-B511-9B069B3C1A04}.Release|Any CPU.ActiveCfg = Release|Any CPU
		{E12E1A22-0688-48A7-B511-9B069B3C1A04}.Release|Any CPU.Build.0 = Release|Any CPU
	EndGlobalSection
	GlobalSection(SolutionProperties) = preSolution
		HideSolutionNode = FALSE
	EndGlobalSection
	GlobalSection(ExtensibilityGlobals) = postSolution
		SolutionGuid = {9739A1FE-C392-4276-9956-FECDEB5654E8}
	EndGlobalSection
EndGlobal
